
Microsoft Visual Studio Solution File, Format Version 12.00
# Visual Studio Version 17
VisualStudioVersion = 17.9.34607.119
MinimumVisualStudioVersion = 10.0.40219.1
Project("{9A19103F-16F7-4668-BE54-9A1E7A4F7556}") = "OneTwenty.Shared", "OneTwenty.Shared\OneTwenty.Shared.csproj", "{8C531415-6363-4481-B112-3C2555622286}"
EndProject
Project("{9A19103F-16F7-4668-BE54-9A1E7A4F7556}") = "OneTwenty.WebApiMock", "OneTwenty.WebApiMock\OneTwenty.WebApiMock.csproj", "{47490F11-050C-4FA5-97D1-27B153A46840}"
EndProject
Project("{9A19103F-16F7-4668-BE54-9A1E7A4F7556}") = "OneTwenty.WebApi", "OneTwenty.WebApi\OneTwenty.WebApi.csproj", "{0F40572C-CA86-47A9-8453-82823F41AEB1}"
EndProject
Project("{9A19103F-16F7-4668-BE54-9A1E7A4F7556}") = "OneTwenty.Jobs", "OneTwenty.Jobs\OneTwenty.Jobs.csproj", "{4B3E5E76-4078-48D4-91CF-C1C58E7D00D3}"
EndProject
Project("{FAE04EC0-301F-11D3-BF4B-00C04F79EFBC}") = "OneTwenty.Infrastructure", "OneTwenty.Infrastructure\OneTwenty.Infrastructure.csproj", "{B2C94CF5-8FE6-48B8-9064-1AFFADD61DC7}"
EndProject
Project("{FAE04EC0-301F-11D3-BF4B-00C04F79EFBC}") = "OneTwenty.Services", "OneTwenty.Services\OneTwenty.Services.csproj", "{5E8DBBBE-BC88-4E8C-B85F-FC4F6BA8DDC6}"
EndProject
Global
	GlobalSection(SolutionConfigurationPlatforms) = preSolution
		Debug|Any CPU = Debug|Any CPU
		Release|Any CPU = Release|Any CPU
	EndGlobalSection
	GlobalSection(ProjectConfigurationPlatforms) = postSolution
		{8C531415-6363-4481-B112-3C2555622286}.Debug|Any CPU.ActiveCfg = Debug|Any CPU
		{8C531415-6363-4481-B112-3C2555622286}.Debug|Any CPU.Build.0 = Debug|Any CPU
		{8C531415-6363-4481-B112-3C2555622286}.Release|Any CPU.ActiveCfg = Release|Any CPU
		{8C531415-6363-4481-B112-3C2555622286}.Release|Any CPU.Build.0 = Release|Any CPU
		{47490F11-050C-4FA5-97D1-27B153A46840}.Debug|Any CPU.ActiveCfg = Debug|Any CPU
		{47490F11-050C-4FA5-97D1-27B153A46840}.Debug|Any CPU.Build.0 = Debug|Any CPU
		{47490F11-050C-4FA5-97D1-27B153A46840}.Release|Any CPU.ActiveCfg = Release|Any CPU
		{47490F11-050C-4FA5-97D1-27B153A46840}.Release|Any CPU.Build.0 = Release|Any CPU
		{0F40572C-CA86-47A9-8453-82823F41AEB1}.Debug|Any CPU.ActiveCfg = Debug|Any CPU
		{0F40572C-CA86-47A9-8453-82823F41AEB1}.Debug|Any CPU.Build.0 = Debug|Any CPU
		{0F40572C-CA86-47A9-8453-82823F41AEB1}.Release|Any CPU.ActiveCfg = Release|Any CPU
		{0F40572C-CA86-47A9-8453-82823F41AEB1}.Release|Any CPU.Build.0 = Release|Any CPU
		{4B3E5E76-4078-48D4-91CF-C1C58E7D00D3}.Debug|Any CPU.ActiveCfg = Debug|Any CPU
		{4B3E5E76-4078-48D4-91CF-C1C58E7D00D3}.Debug|Any CPU.Build.0 = Debug|Any CPU
		{4B3E5E76-4078-48D4-91CF-C1C58E7D00D3}.Release|Any CPU.ActiveCfg = Release|Any CPU
		{4B3E5E76-4078-48D4-91CF-C1C58E7D00D3}.Release|Any CPU.Build.0 = Release|Any CPU
		{B2C94CF5-8FE6-48B8-9064-1AFFADD61DC7}.Debug|Any CPU.ActiveCfg = Debug|Any CPU
		{B2C94CF5-8FE6-48B8-9064-1AFFADD61DC7}.Debug|Any CPU.Build.0 = Debug|Any CPU
		{B2C94CF5-8FE6-48B8-9064-1AFFADD61DC7}.Release|Any CPU.ActiveCfg = Release|Any CPU
		{B2C94CF5-8FE6-48B8-9064-1AFFADD61DC7}.Release|Any CPU.Build.0 = Release|Any CPU
		{5E8DBBBE-BC88-4E8C-B85F-FC4F6BA8DDC6}.Debug|Any CPU.ActiveCfg = Debug|Any CPU
		{5E8DBBBE-BC88-4E8C-B85F-FC4F6BA8DDC6}.Debug|Any CPU.Build.0 = Debug|Any CPU
		{5E8DBBBE-BC88-4E8C-B85F-FC4F6BA8DDC6}.Release|Any CPU.ActiveCfg = Release|Any CPU
		{5E8DBBBE-BC88-4E8C-B85F-FC4F6BA8DDC6}.Release|Any CPU.Build.0 = Release|Any CPU
	EndGlobalSection
	GlobalSection(SolutionProperties) = preSolution
		HideSolutionNode = FALSE
	EndGlobalSection
	GlobalSection(ExtensibilityGlobals) = postSolution
		SolutionGuid = {A6103995-9D82-4AED-BD84-A30D241BCA1F}
	EndGlobalSection
EndGlobal
